
Microsoft Visual Studio Solution File, Format Version 12.00
# Visual Studio Version 17
VisualStudioVersion = 17.12.35209.166
MinimumVisualStudioVersion = 10.0.40219.1
Project("{FAE04EC0-301F-11D3-BF4B-00C04F79EFBC}") = "Triangle_V.A_TARpv23", "Triangle_V.A_TARpv23.csproj", "{3E7FDD9C-3426-4A59-8E9D-08F5D131AC3E}"
EndProject
Global
	GlobalSection(SolutionConfigurationPlatforms) = preSolution
		Debug|Any CPU = Debug|Any CPU
		Release|Any CPU = Release|Any CPU
	EndGlobalSection
	GlobalSection(ProjectConfigurationPlatforms) = postSolution
		{3E7FDD9C-3426-4A59-8E9D-08F5D131AC3E}.Debug|Any CPU.ActiveCfg = Debug|Any CPU
		{3E7FDD9C-3426-4A59-8E9D-08F5D131AC3E}.Debug|Any CPU.Build.0 = Debug|Any CPU
		{3E7FDD9C-3426-4A59-8E9D-08F5D131AC3E}.Release|Any CPU.ActiveCfg = Release|Any CPU
		{3E7FDD9C-3426-4A59-8E9D-08F5D131AC3E}.Release|Any CPU.Build.0 = Release|Any CPU
	EndGlobalSection
	GlobalSection(SolutionProperties) = preSolution
		HideSolutionNode = FALSE
	EndGlobalSection
	GlobalSection(ExtensibilityGlobals) = postSolution
		SolutionGuid = {B1828943-FA9F-43A1-91E1-3B9FA7954216}
	EndGlobalSection
EndGlobal
